// !$*UTF8*$!
{
	archiveVersion = 1;
	classes = {
	};
	objectVersion = 56;
	objects = {

/* Begin PBXBuildFile section */
		ED0CAD4729D5671D0006AD9D /* ScannerAVFoundationVC.swift in Sources */ = {isa = PBXBuildFile; fileRef = ED0CAD4629D5671D0006AD9D /* ScannerAVFoundationVC.swift */; };
		ED21174B29DD3F8500BBEB21 /* ScannerVisionVC.swift in Sources */ = {isa = PBXBuildFile; fileRef = ED21174A29DD3F8500BBEB21 /* ScannerVisionVC.swift */; };
		ED21174D29DD807500BBEB21 /* ScannerDelegate.swift in Sources */ = {isa = PBXBuildFile; fileRef = ED21174C29DD807500BBEB21 /* ScannerDelegate.swift */; };
		ED7C61BF29D6A74A002B2DD9 /* FirstViewController.swift in Sources */ = {isa = PBXBuildFile; fileRef = ED7C61BE29D6A74A002B2DD9 /* FirstViewController.swift */; };
		EDBB6EEE29D3FD0100A37F1C /* AppDelegate.swift in Sources */ = {isa = PBXBuildFile; fileRef = EDBB6EED29D3FD0100A37F1C /* AppDelegate.swift */; };
		EDBB6EF029D3FD0100A37F1C /* SceneDelegate.swift in Sources */ = {isa = PBXBuildFile; fileRef = EDBB6EEF29D3FD0100A37F1C /* SceneDelegate.swift */; };
		EDBB6EF529D3FD0100A37F1C /* Main.storyboard in Resources */ = {isa = PBXBuildFile; fileRef = EDBB6EF329D3FD0100A37F1C /* Main.storyboard */; };
		EDBB6EF729D3FD0200A37F1C /* Assets.xcassets in Resources */ = {isa = PBXBuildFile; fileRef = EDBB6EF629D3FD0200A37F1C /* Assets.xcassets */; };
		EDBB6EFA29D3FD0200A37F1C /* LaunchScreen.storyboard in Resources */ = {isa = PBXBuildFile; fileRef = EDBB6EF829D3FD0200A37F1C /* LaunchScreen.storyboard */; };
/* End PBXBuildFile section */

/* Begin PBXFileReference section */
		ED0CAD4629D5671D0006AD9D /* ScannerAVFoundationVC.swift */ = {isa = PBXFileReference; lastKnownFileType = sourcecode.swift; path = ScannerAVFoundationVC.swift; sourceTree = "<group>"; };
		ED21174A29DD3F8500BBEB21 /* ScannerVisionVC.swift */ = {isa = PBXFileReference; lastKnownFileType = sourcecode.swift; path = ScannerVisionVC.swift; sourceTree = "<group>"; };
		ED21174C29DD807500BBEB21 /* ScannerDelegate.swift */ = {isa = PBXFileReference; lastKnownFileType = sourcecode.swift; path = ScannerDelegate.swift; sourceTree = "<group>"; };
		ED7C61BE29D6A74A002B2DD9 /* FirstViewController.swift */ = {isa = PBXFileReference; lastKnownFileType = sourcecode.swift; path = FirstViewController.swift; sourceTree = "<group>"; };
		ED7C61C529DAB25E002B2DD9 /* Metal.framework */ = {isa = PBXFileReference; lastKnownFileType = wrapper.framework; name = Metal.framework; path = System/Library/Frameworks/Metal.framework; sourceTree = SDKROOT; };
		EDBB6EEA29D3FD0100A37F1C /* DMC-Scanner-AVFoundation.app */ = {isa = PBXFileReference; explicitFileType = wrapper.application; includeInIndex = 0; path = "DMC-Scanner-AVFoundation.app"; sourceTree = BUILT_PRODUCTS_DIR; };
		EDBB6EED29D3FD0100A37F1C /* AppDelegate.swift */ = {isa = PBXFileReference; lastKnownFileType = sourcecode.swift; path = AppDelegate.swift; sourceTree = "<group>"; };
		EDBB6EEF29D3FD0100A37F1C /* SceneDelegate.swift */ = {isa = PBXFileReference; lastKnownFileType = sourcecode.swift; path = SceneDelegate.swift; sourceTree = "<group>"; };
		EDBB6EF429D3FD0100A37F1C /* Base */ = {isa = PBXFileReference; lastKnownFileType = file.storyboard; name = Base; path = Base.lproj/Main.storyboard; sourceTree = "<group>"; };
		EDBB6EF629D3FD0200A37F1C /* Assets.xcassets */ = {isa = PBXFileReference; lastKnownFileType = folder.assetcatalog; path = Assets.xcassets; sourceTree = "<group>"; };
		EDBB6EF929D3FD0200A37F1C /* Base */ = {isa = PBXFileReference; lastKnownFileType = file.storyboard; name = Base; path = Base.lproj/LaunchScreen.storyboard; sourceTree = "<group>"; };
		EDBB6EFB29D3FD0200A37F1C /* Info.plist */ = {isa = PBXFileReference; lastKnownFileType = text.plist.xml; path = Info.plist; sourceTree = "<group>"; };
/* End PBXFileReference section */

/* Begin PBXFrameworksBuildPhase section */
		EDBB6EE729D3FD0100A37F1C /* Frameworks */ = {
			isa = PBXFrameworksBuildPhase;
			buildActionMask = 2147483647;
			files = (
			);
			runOnlyForDeploymentPostprocessing = 0;
		};
/* End PBXFrameworksBuildPhase section */

/* Begin PBXGroup section */
		ED21174E29DD83E000BBEB21 /* Protocols */ = {
			isa = PBXGroup;
			children = (
				ED21174C29DD807500BBEB21 /* ScannerDelegate.swift */,
			);
			path = Protocols;
			sourceTree = "<group>";
		};
		ED21174F29DD83ED00BBEB21 /* ViewControllers */ = {
			isa = PBXGroup;
			children = (
				ED7C61BE29D6A74A002B2DD9 /* FirstViewController.swift */,
				ED0CAD4629D5671D0006AD9D /* ScannerAVFoundationVC.swift */,
				ED21174A29DD3F8500BBEB21 /* ScannerVisionVC.swift */,
			);
			path = ViewControllers;
			sourceTree = "<group>";
		};
		ED7C61C429DAB25E002B2DD9 /* Frameworks */ = {
			isa = PBXGroup;
			children = (
				ED7C61C529DAB25E002B2DD9 /* Metal.framework */,
			);
			name = Frameworks;
			sourceTree = "<group>";
		};
		EDBB6EE129D3FD0100A37F1C = {
			isa = PBXGroup;
			children = (
				EDBB6EEC29D3FD0100A37F1C /* DMC-Scanner-AVFoundation */,
				EDBB6EEB29D3FD0100A37F1C /* Products */,
				ED7C61C429DAB25E002B2DD9 /* Frameworks */,
			);
			sourceTree = "<group>";
		};
		EDBB6EEB29D3FD0100A37F1C /* Products */ = {
			isa = PBXGroup;
			children = (
				EDBB6EEA29D3FD0100A37F1C /* DMC-Scanner-AVFoundation.app */,
			);
			name = Products;
			sourceTree = "<group>";
		};
		EDBB6EEC29D3FD0100A37F1C /* DMC-Scanner-AVFoundation */ = {
			isa = PBXGroup;
			children = (
				EDBB6EED29D3FD0100A37F1C /* AppDelegate.swift */,
				EDBB6EEF29D3FD0100A37F1C /* SceneDelegate.swift */,
				ED21174E29DD83E000BBEB21 /* Protocols */,
				ED21174F29DD83ED00BBEB21 /* ViewControllers */,
				EDBB6EF329D3FD0100A37F1C /* Main.storyboard */,
				EDBB6EF629D3FD0200A37F1C /* Assets.xcassets */,
				EDBB6EF829D3FD0200A37F1C /* LaunchScreen.storyboard */,
				EDBB6EFB29D3FD0200A37F1C /* Info.plist */,
			);
			path = "DMC-Scanner-AVFoundation";
			sourceTree = "<group>";
		};
/* End PBXGroup section */

/* Begin PBXNativeTarget section */
		EDBB6EE929D3FD0100A37F1C /* DMC-Scanner-AVFoundation */ = {
			isa = PBXNativeTarget;
			buildConfigurationList = EDBB6EFE29D3FD0200A37F1C /* Build configuration list for PBXNativeTarget "DMC-Scanner-AVFoundation" */;
			buildPhases = (
				EDBB6EE629D3FD0100A37F1C /* Sources */,
				EDBB6EE729D3FD0100A37F1C /* Frameworks */,
				EDBB6EE829D3FD0100A37F1C /* Resources */,
			);
			buildRules = (
			);
			dependencies = (
			);
			name = "DMC-Scanner-AVFoundation";
			packageProductDependencies = (
			);
			productName = "DMC-Scanner-AVFoundation";
			productReference = EDBB6EEA29D3FD0100A37F1C /* DMC-Scanner-AVFoundation.app */;
			productType = "com.apple.product-type.application";
		};
/* End PBXNativeTarget section */

/* Begin PBXProject section */
		EDBB6EE229D3FD0100A37F1C /* Project object */ = {
			isa = PBXProject;
			attributes = {
				BuildIndependentTargetsInParallel = 1;
				LastSwiftUpdateCheck = 1410;
				LastUpgradeCheck = 1410;
				TargetAttributes = {
					EDBB6EE929D3FD0100A37F1C = {
						CreatedOnToolsVersion = 14.1;
					};
				};
			};
			buildConfigurationList = EDBB6EE529D3FD0100A37F1C /* Build configuration list for PBXProject "DMC-Scanner-AVFoundation" */;
			compatibilityVersion = "Xcode 14.0";
			developmentRegion = en;
			hasScannedForEncodings = 0;
			knownRegions = (
				en,
				Base,
			);
			mainGroup = EDBB6EE129D3FD0100A37F1C;
			packageReferences = (
			);
			productRefGroup = EDBB6EEB29D3FD0100A37F1C /* Products */;
			projectDirPath = "";
			projectRoot = "";
			targets = (
				EDBB6EE929D3FD0100A37F1C /* DMC-Scanner-AVFoundation */,
			);
		};
/* End PBXProject section */

/* Begin PBXResourcesBuildPhase section */
		EDBB6EE829D3FD0100A37F1C /* Resources */ = {
			isa = PBXResourcesBuildPhase;
			buildActionMask = 2147483647;
			files = (
				EDBB6EFA29D3FD0200A37F1C /* LaunchScreen.storyboard in Resources */,
				EDBB6EF729D3FD0200A37F1C /* Assets.xcassets in Resources */,
				EDBB6EF529D3FD0100A37F1C /* Main.storyboard in Resources */,
			);
			runOnlyForDeploymentPostprocessing = 0;
		};
/* End PBXResourcesBuildPhase section */

/* Begin PBXSourcesBuildPhase section */
		EDBB6EE629D3FD0100A37F1C /* Sources */ = {
			isa = PBXSourcesBuildPhase;
			buildActionMask = 2147483647;
			files = (
				ED21174B29DD3F8500BBEB21 /* ScannerVisionVC.swift in Sources */,
				EDBB6EEE29D3FD0100A37F1C /* AppDelegate.swift in Sources */,
				EDBB6EF029D3FD0100A37F1C /* SceneDelegate.swift in Sources */,
				ED7C61BF29D6A74A002B2DD9 /* FirstViewController.swift in Sources */,
				ED0CAD4729D5671D0006AD9D /* ScannerAVFoundationVC.swift in Sources */,
				ED21174D29DD807500BBEB21 /* ScannerDelegate.swift in Sources */,
			);
			runOnlyForDeploymentPostprocessing = 0;
		};
/* End PBXSourcesBuildPhase section */

/* Begin PBXVariantGroup section */
		EDBB6EF329D3FD0100A37F1C /* Main.storyboard */ = {
			isa = PBXVariantGroup;
			children = (
				EDBB6EF429D3FD0100A37F1C /* Base */,
			);
			name = Main.storyboard;
			sourceTree = "<group>";
		};
		EDBB6EF829D3FD0200A37F1C /* LaunchScreen.storyboard */ = {
			isa = PBXVariantGroup;
			children = (
				EDBB6EF929D3FD0200A37F1C /* Base */,
			);
			name = LaunchScreen.storyboard;
			sourceTree = "<group>";
		};
/* End PBXVariantGroup section */

/* Begin XCBuildConfiguration section */
		EDBB6EFC29D3FD0200A37F1C /* Debug */ = {
			isa = XCBuildConfiguration;
			buildSettings = {
				ALWAYS_SEARCH_USER_PATHS = NO;
				CLANG_ANALYZER_NONNULL = YES;
				CLANG_ANALYZER_NUMBER_OBJECT_CONVERSION = YES_AGGRESSIVE;
				CLANG_CXX_LANGUAGE_STANDARD = "gnu++20";
				CLANG_ENABLE_MODULES = YES;
				CLANG_ENABLE_OBJC_ARC = YES;
				CLANG_ENABLE_OBJC_WEAK = YES;
				CLANG_WARN_BLOCK_CAPTURE_AUTORELEASING = YES;
				CLANG_WARN_BOOL_CONVERSION = YES;
				CLANG_WARN_COMMA = YES;
				CLANG_WARN_CONSTANT_CONVERSION = YES;
				CLANG_WARN_DEPRECATED_OBJC_IMPLEMENTATIONS = YES;
				CLANG_WARN_DIRECT_OBJC_ISA_USAGE = YES_ERROR;
				CLANG_WARN_DOCUMENTATION_COMMENTS = YES;
				CLANG_WARN_EMPTY_BODY = YES;
				CLANG_WARN_ENUM_CONVERSION = YES;
				CLANG_WARN_INFINITE_RECURSION = YES;
				CLANG_WARN_INT_CONVERSION = YES;
				CLANG_WARN_NON_LITERAL_NULL_CONVERSION = YES;
				CLANG_WARN_OBJC_IMPLICIT_RETAIN_SELF = YES;
				CLANG_WARN_OBJC_LITERAL_CONVERSION = YES;
				CLANG_WARN_OBJC_ROOT_CLASS = YES_ERROR;
				CLANG_WARN_QUOTED_INCLUDE_IN_FRAMEWORK_HEADER = YES;
				CLANG_WARN_RANGE_LOOP_ANALYSIS = YES;
				CLANG_WARN_STRICT_PROTOTYPES = YES;
				CLANG_WARN_SUSPICIOUS_MOVE = YES;
				CLANG_WARN_UNGUARDED_AVAILABILITY = YES_AGGRESSIVE;
				CLANG_WARN_UNREACHABLE_CODE = YES;
				CLANG_WARN__DUPLICATE_METHOD_MATCH = YES;
				COPY_PHASE_STRIP = NO;
				DEBUG_INFORMATION_FORMAT = dwarf;
				ENABLE_STRICT_OBJC_MSGSEND = YES;
				ENABLE_TESTABILITY = YES;
				GCC_C_LANGUAGE_STANDARD = gnu11;
				GCC_DYNAMIC_NO_PIC = NO;
				GCC_NO_COMMON_BLOCKS = YES;
				GCC_OPTIMIZATION_LEVEL = 0;
				GCC_PREPROCESSOR_DEFINITIONS = (
					"DEBUG=1",
					"$(inherited)",
				);
				GCC_WARN_64_TO_32_BIT_CONVERSION = YES;
				GCC_WARN_ABOUT_RETURN_TYPE = YES_ERROR;
				GCC_WARN_UNDECLARED_SELECTOR = YES;
				GCC_WARN_UNINITIALIZED_AUTOS = YES_AGGRESSIVE;
				GCC_WARN_UNUSED_FUNCTION = YES;
				GCC_WARN_UNUSED_VARIABLE = YES;
				IPHONEOS_DEPLOYMENT_TARGET = 16.1;
				MTL_ENABLE_DEBUG_INFO = INCLUDE_SOURCE;
				MTL_FAST_MATH = YES;
				ONLY_ACTIVE_ARCH = YES;
				SDKROOT = iphoneos;
				SWIFT_ACTIVE_COMPILATION_CONDITIONS = DEBUG;
				SWIFT_OPTIMIZATION_LEVEL = "-Onone";
			};
			name = Debug;
		};
		EDBB6EFD29D3FD0200A37F1C /* Release */ = {
			isa = XCBuildConfiguration;
			buildSettings = {
				ALWAYS_SEARCH_USER_PATHS = NO;
				CLANG_ANALYZER_NONNULL = YES;
				CLANG_ANALYZER_NUMBER_OBJECT_CONVERSION = YES_AGGRESSIVE;
				CLANG_CXX_LANGUAGE_STANDARD = "gnu++20";
				CLANG_ENABLE_MODULES = YES;
				CLANG_ENABLE_OBJC_ARC = YES;
				CLANG_ENABLE_OBJC_WEAK = YES;
				CLANG_WARN_BLOCK_CAPTURE_AUTORELEASING = YES;
				CLANG_WARN_BOOL_CONVERSION = YES;
				CLANG_WARN_COMMA = YES;
				CLANG_WARN_CONSTANT_CONVERSION = YES;
				CLANG_WARN_DEPRECATED_OBJC_IMPLEMENTATIONS = YES;
				CLANG_WARN_DIRECT_OBJC_ISA_USAGE = YES_ERROR;
				CLANG_WARN_DOCUMENTATION_COMMENTS = YES;
				CLANG_WARN_EMPTY_BODY = YES;
				CLANG_WARN_ENUM_CONVERSION = YES;
				CLANG_WARN_INFINITE_RECURSION = YES;
				CLANG_WARN_INT_CONVERSION = YES;
				CLANG_WARN_NON_LITERAL_NULL_CONVERSION = YES;
				CLANG_WARN_OBJC_IMPLICIT_RETAIN_SELF = YES;
				CLANG_WARN_OBJC_LITERAL_CONVERSION = YES;
				CLANG_WARN_OBJC_ROOT_CLASS = YES_ERROR;
				CLANG_WARN_QUOTED_INCLUDE_IN_FRAMEWORK_HEADER = YES;
				CLANG_WARN_RANGE_LOOP_ANALYSIS = YES;
				CLANG_WARN_STRICT_PROTOTYPES = YES;
				CLANG_WARN_SUSPICIOUS_MOVE = YES;
				CLANG_WARN_UNGUARDED_AVAILABILITY = YES_AGGRESSIVE;
				CLANG_WARN_UNREACHABLE_CODE = YES;
				CLANG_WARN__DUPLICATE_METHOD_MATCH = YES;
				COPY_PHASE_STRIP = NO;
				DEBUG_INFORMATION_FORMAT = "dwarf-with-dsym";
				ENABLE_NS_ASSERTIONS = NO;
				ENABLE_STRICT_OBJC_MSGSEND = YES;
				GCC_C_LANGUAGE_STANDARD = gnu11;
				GCC_NO_COMMON_BLOCKS = YES;
				GCC_WARN_64_TO_32_BIT_CONVERSION = YES;
				GCC_WARN_ABOUT_RETURN_TYPE = YES_ERROR;
				GCC_WARN_UNDECLARED_SELECTOR = YES;
				GCC_WARN_UNINITIALIZED_AUTOS = YES_AGGRESSIVE;
				GCC_WARN_UNUSED_FUNCTION = YES;
				GCC_WARN_UNUSED_VARIABLE = YES;
				IPHONEOS_DEPLOYMENT_TARGET = 16.1;
				MTL_ENABLE_DEBUG_INFO = NO;
				MTL_FAST_MATH = YES;
				SDKROOT = iphoneos;
				SWIFT_COMPILATION_MODE = wholemodule;
				SWIFT_OPTIMIZATION_LEVEL = "-O";
				VALIDATE_PRODUCT = YES;
			};
			name = Release;
		};
		EDBB6EFF29D3FD0200A37F1C /* Debug */ = {
			isa = XCBuildConfiguration;
			buildSettings = {
				ASSETCATALOG_COMPILER_APPICON_NAME = AppIcon;
				ASSETCATALOG_COMPILER_GLOBAL_ACCENT_COLOR_NAME = AccentColor;
				CODE_SIGN_STYLE = Automatic;
				CURRENT_PROJECT_VERSION = 1;
				DEVELOPMENT_TEAM = RP4PNYFADM;
				GENERATE_INFOPLIST_FILE = YES;
				INFOPLIST_FILE = "DMC-Scanner-AVFoundation/Info.plist";
				INFOPLIST_KEY_NSCameraUsageDescription = "Used to Scan DMC Code";
				INFOPLIST_KEY_UIApplicationSupportsIndirectInputEvents = YES;
				INFOPLIST_KEY_UILaunchStoryboardName = LaunchScreen;
				INFOPLIST_KEY_UIMainStoryboardFile = Main;
				INFOPLIST_KEY_UISupportedInterfaceOrientations_iPad = "UIInterfaceOrientationPortrait UIInterfaceOrientationPortraitUpsideDown UIInterfaceOrientationLandscapeLeft UIInterfaceOrientationLandscapeRight";
				INFOPLIST_KEY_UISupportedInterfaceOrientations_iPhone = "UIInterfaceOrientationPortrait UIInterfaceOrientationLandscapeLeft UIInterfaceOrientationLandscapeRight";
				IPHONEOS_DEPLOYMENT_TARGET = 15.0;
				LD_RUNPATH_SEARCH_PATHS = (
					"$(inherited)",
					"@executable_path/Frameworks",
				);
				MARKETING_VERSION = 1.0;
				PRODUCT_BUNDLE_IDENTIFIER = "tarka.DMC-Scanner-AVFoundation";
				PRODUCT_NAME = "$(TARGET_NAME)";
				SUPPORTED_PLATFORMS = "iphoneos iphonesimulator";
				SUPPORTS_MACCATALYST = NO;
				SUPPORTS_MAC_DESIGNED_FOR_IPHONE_IPAD = NO;
				SWIFT_EMIT_LOC_STRINGS = YES;
				SWIFT_VERSION = 5.0;
				TARGETED_DEVICE_FAMILY = 1;
			};
			name = Debug;
		};
		EDBB6F0029D3FD0200A37F1C /* Release */ = {
			isa = XCBuildConfiguration;
			buildSettings = {
				ASSETCATALOG_COMPILER_APPICON_NAME = AppIcon;
				ASSETCATALOG_COMPILER_GLOBAL_ACCENT_COLOR_NAME = AccentColor;
				CODE_SIGN_STYLE = Automatic;
				CURRENT_PROJECT_VERSION = 1;
				DEVELOPMENT_TEAM = RP4PNYFADM;
				GENERATE_INFOPLIST_FILE = YES;
				INFOPLIST_FILE = "DMC-Scanner-AVFoundation/Info.plist";
				INFOPLIST_KEY_NSCameraUsageDescription = "Used to Scan DMC Code";
				INFOPLIST_KEY_UIApplicationSupportsIndirectInputEvents = YES;
				INFOPLIST_KEY_UILaunchStoryboardName = LaunchScreen;
				INFOPLIST_KEY_UIMainStoryboardFile = Main;
				INFOPLIST_KEY_UISupportedInterfaceOrientations_iPad = "UIInterfaceOrientationPortrait UIInterfaceOrientationPortraitUpsideDown UIInterfaceOrientationLandscapeLeft UIInterfaceOrientationLandscapeRight";
				INFOPLIST_KEY_UISupportedInterfaceOrientations_iPhone = "UIInterfaceOrientationPortrait UIInterfaceOrientationLandscapeLeft UIInterfaceOrientationLandscapeRight";
				IPHONEOS_DEPLOYMENT_TARGET = 15.0;
				LD_RUNPATH_SEARCH_PATHS = (
					"$(inherited)",
					"@executable_path/Frameworks",
				);
				MARKETING_VERSION = 1.0;
				PRODUCT_BUNDLE_IDENTIFIER = "tarka.DMC-Scanner-AVFoundation";
				PRODUCT_NAME = "$(TARGET_NAME)";
				SUPPORTED_PLATFORMS = "iphoneos iphonesimulator";
				SUPPORTS_MACCATALYST = NO;
				SUPPORTS_MAC_DESIGNED_FOR_IPHONE_IPAD = NO;
				SWIFT_EMIT_LOC_STRINGS = YES;
				SWIFT_VERSION = 5.0;
				TARGETED_DEVICE_FAMILY = 1;
			};
			name = Release;
		};
/* End XCBuildConfiguration section */

/* Begin XCConfigurationList section */
		EDBB6EE529D3FD0100A37F1C /* Build configuration list for PBXProject "DMC-Scanner-AVFoundation" */ = {
			isa = XCConfigurationList;
			buildConfigurations = (
				EDBB6EFC29D3FD0200A37F1C /* Debug */,
				EDBB6EFD29D3FD0200A37F1C /* Release */,
			);
			defaultConfigurationIsVisible = 0;
			defaultConfigurationName = Release;
		};
		EDBB6EFE29D3FD0200A37F1C /* Build configuration list for PBXNativeTarget "DMC-Scanner-AVFoundation" */ = {
			isa = XCConfigurationList;
			buildConfigurations = (
				EDBB6EFF29D3FD0200A37F1C /* Debug */,
				EDBB6F0029D3FD0200A37F1C /* Release */,
			);
			defaultConfigurationIsVisible = 0;
			defaultConfigurationName = Release;
		};
/* End XCConfigurationList section */
	};
	rootObject = EDBB6EE229D3FD0100A37F1C /* Project object */;
}
